
Microsoft Visual Studio Solution File, Format Version 12.00
# Visual Studio 15
VisualStudioVersion = 15.0.27004.2005
MinimumVisualStudioVersion = 10.0.40219.1
Project("{FAE04EC0-301F-11D3-BF4B-00C04F79EFBC}") = "EFCore.Oracle", "EFCore.Oracle\EFCore.Oracle.csproj", "{62D7C64B-C626-4F8B-8DF4-3946A4D57664}"
EndProject
Global
	GlobalSection(SolutionConfigurationPlatforms) = preSolution
		Debug|Any CPU = Debug|Any CPU
		Release|Any CPU = Release|Any CPU
	EndGlobalSection
	GlobalSection(ProjectConfigurationPlatforms) = postSolution
		{62D7C64B-C626-4F8B-8DF4-3946A4D57664}.Debug|Any CPU.ActiveCfg = Debug|Any CPU
		{62D7C64B-C626-4F8B-8DF4-3946A4D57664}.Debug|Any CPU.Build.0 = Debug|Any CPU
		{62D7C64B-C626-4F8B-8DF4-3946A4D57664}.Release|Any CPU.ActiveCfg = Release|Any CPU
		{62D7C64B-C626-4F8B-8DF4-3946A4D57664}.Release|Any CPU.Build.0 = Release|Any CPU
	EndGlobalSection
	GlobalSection(SolutionProperties) = preSolution
		HideSolutionNode = FALSE
	EndGlobalSection
	GlobalSection(ExtensibilityGlobals) = postSolution
		SolutionGuid = {AE1D92BF-0D42-4DD9-A398-941A4A6860A2}
	EndGlobalSection
EndGlobal
